{
  "name": "BIZ-CRMEB-APP",
  "lockfileVersion": 2,
  "requires": true,
  "packages": {
    "": {
      "dependencies": {
        "mp-html": "^2.4.0"
      }
    },
    "node_modules/mp-html": {
      "version": "2.4.0",
      "resolved": "https://registry.npmmirror.com/mp-html/-/mp-html-2.4.0.tgz",
      "integrity": "sha512-T8zcDoy+zR5VMQ9dnFK3bMAbibgVN8VitXNjuU9tuRPYSbo2qiGroYJSoAAF7XbFenMayKjeY8fkR0dxOD63sQ=="
    }
  },
  "dependencies": {
    "mp-html": {
      "version": "2.4.0",
      "resolved": "https://registry.npmmirror.com/mp-html/-/mp-html-2.4.0.tgz",
      "integrity": "sha512-T8zcDoy+zR5VMQ9dnFK3bMAbibgVN8VitXNjuU9tuRPYSbo2qiGroYJSoAAF7XbFenMayKjeY8fkR0dxOD63sQ=="
    }
  }
}
